
Microsoft Visual Studio Solution File, Format Version 12.00
# Visual Studio Version 17
VisualStudioVersion = 17.11.35312.102
MinimumVisualStudioVersion = 10.0.40219.1
Project("{FAE04EC0-301F-11D3-BF4B-00C04F79EFBC}") = "RetrainingScheduler", "RetrainingScheduler\RetrainingScheduler.csproj", "{0697E00A-AC4E-454D-A007-23396E3881AC}"
EndProject
Project("{FAE04EC0-301F-11D3-BF4B-00C04F79EFBC}") = "RetrainingSchedulerTests", "RetrainingSchedulerTests\RetrainingSchedulerTests.csproj", "{B1344969-3694-4557-905B-79384AD1F20D}"
EndProject
Global
	GlobalSection(SolutionConfigurationPlatforms) = preSolution
		Debug|Any CPU = Debug|Any CPU
		Release|Any CPU = Release|Any CPU
	EndGlobalSection
	GlobalSection(ProjectConfigurationPlatforms) = postSolution
		{0697E00A-AC4E-454D-A007-23396E3881AC}.Debug|Any CPU.ActiveCfg = Debug|Any CPU
		{0697E00A-AC4E-454D-A007-23396E3881AC}.Debug|Any CPU.Build.0 = Debug|Any CPU
		{0697E00A-AC4E-454D-A007-23396E3881AC}.Release|Any CPU.ActiveCfg = Release|Any CPU
		{0697E00A-AC4E-454D-A007-23396E3881AC}.Release|Any CPU.Build.0 = Release|Any CPU
		{B1344969-3694-4557-905B-79384AD1F20D}.Debug|Any CPU.ActiveCfg = Debug|Any CPU
		{B1344969-3694-4557-905B-79384AD1F20D}.Debug|Any CPU.Build.0 = Debug|Any CPU
		{B1344969-3694-4557-905B-79384AD1F20D}.Release|Any CPU.ActiveCfg = Release|Any CPU
		{B1344969-3694-4557-905B-79384AD1F20D}.Release|Any CPU.Build.0 = Release|Any CPU
	EndGlobalSection
	GlobalSection(SolutionProperties) = preSolution
		HideSolutionNode = FALSE
	EndGlobalSection
	GlobalSection(ExtensibilityGlobals) = postSolution
		SolutionGuid = {CB667690-B7CD-43C1-89D1-0825FCBAF603}
	EndGlobalSection
EndGlobal
